
Microsoft Visual Studio Solution File, Format Version 12.00
# Visual Studio Version 17
VisualStudioVersion = 17.11.35222.181
MinimumVisualStudioVersion = 10.0.40219.1
Project("{8BC9CEB8-8B4A-11D0-8D11-00A0C91BC942}") = "LessonC20", "LessonC20.vcxproj", "{65ED4812-3F2D-4B9C-9933-656C4BD33B20}"
EndProject
Global
	GlobalSection(SolutionConfigurationPlatforms) = preSolution
		Debug|x64 = Debug|x64
		Debug|x86 = Debug|x86
		Release|x64 = Release|x64
		Release|x86 = Release|x86
	EndGlobalSection
	GlobalSection(ProjectConfigurationPlatforms) = postSolution
		{65ED4812-3F2D-4B9C-9933-656C4BD33B20}.Debug|x64.ActiveCfg = Debug|x64
		{65ED4812-3F2D-4B9C-9933-656C4BD33B20}.Debug|x64.Build.0 = Debug|x64
		{65ED4812-3F2D-4B9C-9933-656C4BD33B20}.Debug|x86.ActiveCfg = Debug|Win32
		{65ED4812-3F2D-4B9C-9933-656C4BD33B20}.Debug|x86.Build.0 = Debug|Win32
		{65ED4812-3F2D-4B9C-9933-656C4BD33B20}.Release|x64.ActiveCfg = Release|x64
		{65ED4812-3F2D-4B9C-9933-656C4BD33B20}.Release|x64.Build.0 = Release|x64
		{65ED4812-3F2D-4B9C-9933-656C4BD33B20}.Release|x86.ActiveCfg = Release|Win32
		{65ED4812-3F2D-4B9C-9933-656C4BD33B20}.Release|x86.Build.0 = Release|Win32
	EndGlobalSection
	GlobalSection(SolutionProperties) = preSolution
		HideSolutionNode = FALSE
	EndGlobalSection
	GlobalSection(ExtensibilityGlobals) = postSolution
		SolutionGuid = {A6B89297-F853-4E5F-B96E-132723B76819}
	EndGlobalSection
EndGlobal
